
Microsoft Visual Studio Solution File, Format Version 10.00
# Visual Studio 2008
Project("{FAE04EC0-301F-11D3-BF4B-00C04F79EFBC}") = "SubSonic.SubStage", "SubSonic.SubStage.csproj", "{DF52AAF1-1F9F-454F-842A-D73B1AD8F22D}"
EndProject
Global
	GlobalSection(SolutionConfigurationPlatforms) = preSolution
		Debug|Any CPU = Debug|Any CPU
		Release|Any CPU = Release|Any CPU
	EndGlobalSection
	GlobalSection(ProjectConfigurationPlatforms) = postSolution
		{DF52AAF1-1F9F-454F-842A-D73B1AD8F22D}.Debug|Any CPU.ActiveCfg = Debug|Any CPU
		{DF52AAF1-1F9F-454F-842A-D73B1AD8F22D}.Debug|Any CPU.Build.0 = Debug|Any CPU
		{DF52AAF1-1F9F-454F-842A-D73B1AD8F22D}.Release|Any CPU.ActiveCfg = Release|Any CPU
		{DF52AAF1-1F9F-454F-842A-D73B1AD8F22D}.Release|Any CPU.Build.0 = Release|Any CPU
	EndGlobalSection
	GlobalSection(SolutionProperties) = preSolution
		HideSolutionNode = FALSE
	EndGlobalSection
EndGlobal
